{
  "name": "runge-kutta-web",
  "version": "1.0.0",
  "lockfileVersion": 1,
  "requires": true,
  "dependencies": {
    "chart.js": {
      "version": "2.7.1",
      "resolved": "https://registry.npmjs.org/chart.js/-/chart.js-2.7.1.tgz",
      "integrity": "sha512-pX1oQAY86MiuyZ2hY593Acbl4MLHKrBBhhmZ1YqSadzQbbsBE2rnd6WISoHjIsdf0WDeC0hbePYCz2ZxkV8L+g==",
      "requires": {
        "chartjs-color": "2.2.0",
        "moment": "2.18.1"
      }
    },
    "chartjs-color": {
      "version": "2.2.0",
      "resolved": "https://registry.npmjs.org/chartjs-color/-/chartjs-color-2.2.0.tgz",
      "integrity": "sha1-hKL7dVeH7YXDndbdjHsdiEKbrq4=",
      "requires": {
        "chartjs-color-string": "0.5.0",
        "color-convert": "0.5.3"
      }
    },
    "chartjs-color-string": {
      "version": "0.5.0",
      "resolved": "https://registry.npmjs.org/chartjs-color-string/-/chartjs-color-string-0.5.0.tgz",
      "integrity": "sha512-amWNvCOXlOUYxZVDSa0YOab5K/lmEhbFNKI55PWc4mlv28BDzA7zaoQTGxSBgJMHIW+hGX8YUrvw/FH4LyhwSQ==",
      "requires": {
        "color-name": "1.1.3"
      }
    },
    "color-convert": {
      "version": "0.5.3",
      "resolved": "https://registry.npmjs.org/color-convert/-/color-convert-0.5.3.tgz",
      "integrity": "sha1-vbbGnOZg+t/+CwAHzER+G59ygr0="
    },
    "color-name": {
      "version": "1.1.3",
      "resolved": "https://registry.npmjs.org/color-name/-/color-name-1.1.3.tgz",
      "integrity": "sha1-p9BVi9icQveV3UIyj3QIMcpTvCU="
    },
    "complex.js": {
      "version": "2.0.4",
      "resolved": "https://registry.npmjs.org/complex.js/-/complex.js-2.0.4.tgz",
      "integrity": "sha512-Syl95HpxUTS0QjwNxencZsKukgh1zdS9uXeXX2Us0pHaqBR6kiZZi0AkZ9VpZFwHJyVIUVzI4EumjWdXP3fy6w=="
    },
    "decimal.js": {
      "version": "9.0.1",
      "resolved": "https://registry.npmjs.org/decimal.js/-/decimal.js-9.0.1.tgz",
      "integrity": "sha512-2h0iKbJwnImBk4TGk7CG1xadoA0g3LDPlQhQzbZ221zvG0p2YVUedbKIPsOZXKZGx6YmZMJKYOalpCMxSdDqTQ=="
    },
    "fraction.js": {
      "version": "4.0.4",
      "resolved": "https://registry.npmjs.org/fraction.js/-/fraction.js-4.0.4.tgz",
      "integrity": "sha512-aK/oGatyYLTtXRHjfEsytX5fieeR5H4s8sLorzcT12taFS+dbMZejnvm9gRa8mZAPwci24ucjq9epDyaq5u8Iw=="
    },
    "javascript-natural-sort": {
      "version": "0.7.1",
      "resolved": "https://registry.npmjs.org/javascript-natural-sort/-/javascript-natural-sort-0.7.1.tgz",
      "integrity": "sha1-+eIwPUUH9tdDVac2ZNFED7Wg71k="
    },
    "mathjax": {
      "version": "2.7.2",
      "resolved": "https://registry.npmjs.org/mathjax/-/mathjax-2.7.2.tgz",
      "integrity": "sha512-Z9te7r3lsjZibugO1uKsdyqICKXVNr7M1Ll2GtjJu9cUKvOvwDqEp0YIjBD4H58NNuPg5DP5/AQ2Tu8K52Mqng=="
    },
    "mathjs": {
      "version": "3.18.0",
      "resolved": "https://registry.npmjs.org/mathjs/-/mathjs-3.18.0.tgz",
      "integrity": "sha512-k5ZNz2Ic86HYqPBj7ZnJHqmEI7s4f8y/ip3zJ3PnFulk05wOxXr3tuSoJJKUpCWMQFFVoXEhJwHbQmY+3Ah2ng==",
      "requires": {
        "complex.js": "2.0.4",
        "decimal.js": "9.0.1",
        "fraction.js": "4.0.4",
        "javascript-natural-sort": "0.7.1",
        "seed-random": "2.2.0",
        "tiny-emitter": "2.0.2",
        "typed-function": "0.10.6"
      }
    },
    "moment": {
      "version": "2.18.1",
      "resolved": "https://registry.npmjs.org/moment/-/moment-2.18.1.tgz",
      "integrity": "sha1-w2GT3Tzhwu7SrbfIAtu8d6gbHA8="
    },
    "seed-random": {
      "version": "2.2.0",
      "resolved": "https://registry.npmjs.org/seed-random/-/seed-random-2.2.0.tgz",
      "integrity": "sha1-KpsZ4lCoFwmSMaW5mk2vgLf77VQ="
    },
    "tiny-emitter": {
      "version": "2.0.2",
      "resolved": "https://registry.npmjs.org/tiny-emitter/-/tiny-emitter-2.0.2.tgz",
      "integrity": "sha512-2NM0auVBGft5tee/OxP4PI3d8WItkDM+fPnaRAVo6xTDI2knbz9eC5ArWGqtGlYqiH3RU5yMpdyTTO7MguC4ow=="
    },
    "typed-function": {
      "version": "0.10.6",
      "resolved": "https://registry.npmjs.org/typed-function/-/typed-function-0.10.6.tgz",
      "integrity": "sha512-PYtsDjxyW3vq7Itn2RMz0cn6CrbybIY6XC2i9c1q1o/H94QW8B1Pf3wSsbBDOCMpN1i5jDRrlDsLXFaqXBpfHQ=="
    }
  }
}
